// !$*UTF8*$!
{
	archiveVersion = 1;
	classes = {
	};
	objectVersion = 45;
	objects = {

/* Begin PBXBuildFile section */
		1D60589B0D05DD56006BFB54 /* main.m in Sources */ = {isa = PBXBuildFile; fileRef = 29B97316FDCFA39411CA2CEA /* main.m */; };
		1D60589F0D05DD5A006BFB54 /* Foundation.framework in Frameworks */ = {isa = PBXBuildFile; fileRef = 1D30AB110D05D00D00671497 /* Foundation.framework */; };
		1DF5F4E00D08C38300B7A737 /* UIKit.framework in Frameworks */ = {isa = PBXBuildFile; fileRef = 1DF5F4DF0D08C38300B7A737 /* UIKit.framework */; };
		288765A50DF7441C002DB57D /* CoreGraphics.framework in Frameworks */ = {isa = PBXBuildFile; fileRef = 288765A40DF7441C002DB57D /* CoreGraphics.framework */; };
		D5118E54128213FB0021E6AB /* stereo_frustum.cc in Sources */ = {isa = PBXBuildFile; fileRef = D5118E53128213FB0021E6AB /* stereo_frustum.cc */; };
		D51CD5B613BE6FC3000717AA /* SensorSizeViewController.mm in Sources */ = {isa = PBXBuildFile; fileRef = D51CD5B513BE6FC3000717AA /* SensorSizeViewController.mm */; };
		D53A026111DB7F550087316D /* document.cc in Sources */ = {isa = PBXBuildFile; fileRef = D53A025D11DB7F550087316D /* document.cc */; };
		D53A026211DB7F550087316D /* geometry.cc in Sources */ = {isa = PBXBuildFile; fileRef = D53A025F11DB7F550087316D /* geometry.cc */; };
		D53A03FC11E4830E0087316D /* trackball.cc in Sources */ = {isa = PBXBuildFile; fileRef = D53A03FA11E4830E0087316D /* trackball.cc */; };
		D53B09B6126909D900DF4180 /* utils.mm in Sources */ = {isa = PBXBuildFile; fileRef = D53B09B5126909D900DF4180 /* utils.mm */; };
		D5505C6213A4FEFC00F09BF0 /* CalculatorViewController.mm in Sources */ = {isa = PBXBuildFile; fileRef = D5505C4E13A4FEFC00F09BF0 /* CalculatorViewController.mm */; };
		D5505C6313A4FEFC00F09BF0 /* CalculatorView.xib in Resources */ = {isa = PBXBuildFile; fileRef = D5505C4F13A4FEFC00F09BF0 /* CalculatorView.xib */; };
		D5505C6513A4FEFC00F09BF0 /* CaptureViewController.mm in Sources */ = {isa = PBXBuildFile; fileRef = D5505C5313A4FEFC00F09BF0 /* CaptureViewController.mm */; };
		D5505C6713A4FEFC00F09BF0 /* CinemaViewController.mm in Sources */ = {isa = PBXBuildFile; fileRef = D5505C5713A4FEFC00F09BF0 /* CinemaViewController.mm */; };
		D5505C6A13A4FEFC00F09BF0 /* MainViewController.mm in Sources */ = {isa = PBXBuildFile; fileRef = D5505C5D13A4FEFC00F09BF0 /* MainViewController.mm */; };
		D5505C6B13A4FEFC00F09BF0 /* SettingsViewController.mm in Sources */ = {isa = PBXBuildFile; fileRef = D5505C5F13A4FEFC00F09BF0 /* SettingsViewController.mm */; };
		D5505C6C13A4FEFC00F09BF0 /* StereoPlannerAppDelegate.mm in Sources */ = {isa = PBXBuildFile; fileRef = D5505C6113A4FEFC00F09BF0 /* StereoPlannerAppDelegate.mm */; };
		D5505C7E13A50F4300F09BF0 /* CaptureView.mm in Sources */ = {isa = PBXBuildFile; fileRef = D5505C7513A50F4300F09BF0 /* CaptureView.mm */; };
		D5505C7F13A50F4300F09BF0 /* CinemaView.mm in Sources */ = {isa = PBXBuildFile; fileRef = D5505C7713A50F4300F09BF0 /* CinemaView.mm */; };
		D5505C8013A50F4300F09BF0 /* EAGLView.mm in Sources */ = {isa = PBXBuildFile; fileRef = D5505C7913A50F4300F09BF0 /* EAGLView.mm */; };
		D5505C8113A50F4300F09BF0 /* InfiniteSlider.mm in Sources */ = {isa = PBXBuildFile; fileRef = D5505C7B13A50F4300F09BF0 /* InfiniteSlider.mm */; };
		D5505C8213A50F4300F09BF0 /* MainView.xib in Resources */ = {isa = PBXBuildFile; fileRef = D5505C7C13A50F4300F09BF0 /* MainView.xib */; };
		D5505C8313A50F4300F09BF0 /* MainWindow.xib in Resources */ = {isa = PBXBuildFile; fileRef = D5505C7D13A50F4300F09BF0 /* MainWindow.xib */; };
		D5505C8713A50F5D00F09BF0 /* black.png in Resources */ = {isa = PBXBuildFile; fileRef = D5505C8413A50F5D00F09BF0 /* black.png */; };
		D5505C8813A50F5D00F09BF0 /* icona.png in Resources */ = {isa = PBXBuildFile; fileRef = D5505C8513A50F5D00F09BF0 /* icona.png */; };
		D5505C8913A50F5D00F09BF0 /* monkey.geo in Resources */ = {isa = PBXBuildFile; fileRef = D5505C8613A50F5D00F09BF0 /* monkey.geo */; };
		D58C8E671295628B00E2A017 /* object.cc in Sources */ = {isa = PBXBuildFile; fileRef = D58C8E661295628B00E2A017 /* object.cc */; };
		D5C0057B11D65F9B0007CF10 /* OpenGLES.framework in Frameworks */ = {isa = PBXBuildFile; fileRef = D5C0057A11D65F9B0007CF10 /* OpenGLES.framework */; };
		D5C0058F11D65FCD0007CF10 /* QuartzCore.framework in Frameworks */ = {isa = PBXBuildFile; fileRef = D5C0058E11D65FCD0007CF10 /* QuartzCore.framework */; };
/* End PBXBuildFile section */

/* Begin PBXFileReference section */
		1D30AB110D05D00D00671497 /* Foundation.framework */ = {isa = PBXFileReference; lastKnownFileType = wrapper.framework; name = Foundation.framework; path = System/Library/Frameworks/Foundation.framework; sourceTree = SDKROOT; };
		1D6058910D05DD3D006BFB54 /* StereoPlanner.app */ = {isa = PBXFileReference; explicitFileType = wrapper.application; includeInIndex = 0; path = StereoPlanner.app; sourceTree = BUILT_PRODUCTS_DIR; };
		1DF5F4DF0D08C38300B7A737 /* UIKit.framework */ = {isa = PBXFileReference; lastKnownFileType = wrapper.framework; name = UIKit.framework; path = System/Library/Frameworks/UIKit.framework; sourceTree = SDKROOT; };
		288765A40DF7441C002DB57D /* CoreGraphics.framework */ = {isa = PBXFileReference; lastKnownFileType = wrapper.framework; name = CoreGraphics.framework; path = System/Library/Frameworks/CoreGraphics.framework; sourceTree = SDKROOT; };
		29B97316FDCFA39411CA2CEA /* main.m */ = {isa = PBXFileReference; fileEncoding = 4; lastKnownFileType = sourcecode.c.objc; path = main.m; sourceTree = "<group>"; };
		32CA4F630368D1EE00C91783 /* StereoPlanner_Prefix.pch */ = {isa = PBXFileReference; fileEncoding = 4; lastKnownFileType = sourcecode.c.h; path = StereoPlanner_Prefix.pch; sourceTree = "<group>"; };
		8D1107310486CEB800E47090 /* StereoPlanner-Info.plist */ = {isa = PBXFileReference; fileEncoding = 4; lastKnownFileType = text.plist.xml; path = "StereoPlanner-Info.plist"; plistStructureDefinitionIdentifier = "com.apple.xcode.plist.structure-definition.iphone.info-plist"; sourceTree = "<group>"; };
		D5118E52128213FB0021E6AB /* stereo_frustum.h */ = {isa = PBXFileReference; fileEncoding = 4; lastKnownFileType = sourcecode.c.h; path = stereo_frustum.h; sourceTree = "<group>"; };
		D5118E53128213FB0021E6AB /* stereo_frustum.cc */ = {isa = PBXFileReference; fileEncoding = 4; lastKnownFileType = sourcecode.cpp.cpp; path = stereo_frustum.cc; sourceTree = "<group>"; };
		D51CD5B413BE6FC3000717AA /* SensorSizeViewController.h */ = {isa = PBXFileReference; fileEncoding = 4; lastKnownFileType = sourcecode.c.h; name = SensorSizeViewController.h; path = Controllers/SensorSizeViewController.h; sourceTree = "<group>"; };
		D51CD5B513BE6FC3000717AA /* SensorSizeViewController.mm */ = {isa = PBXFileReference; fileEncoding = 4; lastKnownFileType = sourcecode.cpp.objcpp; name = SensorSizeViewController.mm; path = Controllers/SensorSizeViewController.mm; sourceTree = "<group>"; };
		D53A025C11DB7F550087316D /* camera.h */ = {isa = PBXFileReference; fileEncoding = 4; lastKnownFileType = sourcecode.c.h; path = camera.h; sourceTree = "<group>"; };
		D53A025D11DB7F550087316D /* document.cc */ = {isa = PBXFileReference; fileEncoding = 4; lastKnownFileType = sourcecode.cpp.cpp; path = document.cc; sourceTree = "<group>"; };
		D53A025E11DB7F550087316D /* document.h */ = {isa = PBXFileReference; fileEncoding = 4; lastKnownFileType = sourcecode.c.h; path = document.h; sourceTree = "<group>"; };
		D53A025F11DB7F550087316D /* geometry.cc */ = {isa = PBXFileReference; fileEncoding = 4; lastKnownFileType = sourcecode.cpp.cpp; path = geometry.cc; sourceTree = "<group>"; };
		D53A026011DB7F550087316D /* geometry.h */ = {isa = PBXFileReference; fileEncoding = 4; lastKnownFileType = sourcecode.c.h; path = geometry.h; sourceTree = "<group>"; };
		D53A03FA11E4830E0087316D /* trackball.cc */ = {isa = PBXFileReference; fileEncoding = 4; lastKnownFileType = sourcecode.cpp.cpp; path = trackball.cc; sourceTree = "<group>"; };
		D53A03FB11E4830E0087316D /* trackball.h */ = {isa = PBXFileReference; fileEncoding = 4; lastKnownFileType = sourcecode.c.h; path = trackball.h; sourceTree = "<group>"; };
		D53B09B4126909D900DF4180 /* utils.h */ = {isa = PBXFileReference; fileEncoding = 4; lastKnownFileType = sourcecode.c.h; name = utils.h; path = Utils/utils.h; sourceTree = "<group>"; };
		D53B09B5126909D900DF4180 /* utils.mm */ = {isa = PBXFileReference; fileEncoding = 4; lastKnownFileType = sourcecode.cpp.objcpp; name = utils.mm; path = Utils/utils.mm; sourceTree = "<group>"; };
		D5505C4D13A4FEFC00F09BF0 /* CalculatorViewController.h */ = {isa = PBXFileReference; fileEncoding = 4; lastKnownFileType = sourcecode.c.h; name = CalculatorViewController.h; path = Controllers/CalculatorViewController.h; sourceTree = "<group>"; };
		D5505C4E13A4FEFC00F09BF0 /* CalculatorViewController.mm */ = {isa = PBXFileReference; fileEncoding = 4; lastKnownFileType = sourcecode.cpp.objcpp; name = CalculatorViewController.mm; path = Controllers/CalculatorViewController.mm; sourceTree = "<group>"; };
		D5505C4F13A4FEFC00F09BF0 /* CalculatorView.xib */ = {isa = PBXFileReference; lastKnownFileType = file.xib; name = CalculatorView.xib; path = Views/CalculatorView.xib; sourceTree = "<group>"; };
		D5505C5213A4FEFC00F09BF0 /* CaptureViewController.h */ = {isa = PBXFileReference; fileEncoding = 4; lastKnownFileType = sourcecode.c.h; name = CaptureViewController.h; path = Controllers/CaptureViewController.h; sourceTree = "<group>"; };
		D5505C5313A4FEFC00F09BF0 /* CaptureViewController.mm */ = {isa = PBXFileReference; fileEncoding = 4; lastKnownFileType = sourcecode.cpp.objcpp; name = CaptureViewController.mm; path = Controllers/CaptureViewController.mm; sourceTree = "<group>"; };
		D5505C5613A4FEFC00F09BF0 /* CinemaViewController.h */ = {isa = PBXFileReference; fileEncoding = 4; lastKnownFileType = sourcecode.c.h; name = CinemaViewController.h; path = Controllers/CinemaViewController.h; sourceTree = "<group>"; };
		D5505C5713A4FEFC00F09BF0 /* CinemaViewController.mm */ = {isa = PBXFileReference; fileEncoding = 4; lastKnownFileType = sourcecode.cpp.objcpp; name = CinemaViewController.mm; path = Controllers/CinemaViewController.mm; sourceTree = "<group>"; };
		D5505C5C13A4FEFC00F09BF0 /* MainViewController.h */ = {isa = PBXFileReference; fileEncoding = 4; lastKnownFileType = sourcecode.c.h; name = MainViewController.h; path = Controllers/MainViewController.h; sourceTree = "<group>"; };
		D5505C5D13A4FEFC00F09BF0 /* MainViewController.mm */ = {isa = PBXFileReference; fileEncoding = 4; lastKnownFileType = sourcecode.cpp.objcpp; name = MainViewController.mm; path = Controllers/MainViewController.mm; sourceTree = "<group>"; };
		D5505C5E13A4FEFC00F09BF0 /* SettingsViewController.h */ = {isa = PBXFileReference; fileEncoding = 4; lastKnownFileType = sourcecode.c.h; name = SettingsViewController.h; path = Controllers/SettingsViewController.h; sourceTree = "<group>"; };
		D5505C5F13A4FEFC00F09BF0 /* SettingsViewController.mm */ = {isa = PBXFileReference; fileEncoding = 4; lastKnownFileType = sourcecode.cpp.objcpp; name = SettingsViewController.mm; path = Controllers/SettingsViewController.mm; sourceTree = "<group>"; };
		D5505C6013A4FEFC00F09BF0 /* StereoPlannerAppDelegate.h */ = {isa = PBXFileReference; fileEncoding = 4; lastKnownFileType = sourcecode.c.h; name = StereoPlannerAppDelegate.h; path = Controllers/StereoPlannerAppDelegate.h; sourceTree = "<group>"; };
		D5505C6113A4FEFC00F09BF0 /* StereoPlannerAppDelegate.mm */ = {isa = PBXFileReference; fileEncoding = 4; lastKnownFileType = sourcecode.cpp.objcpp; name = StereoPlannerAppDelegate.mm; path = Controllers/StereoPlannerAppDelegate.mm; sourceTree = "<group>"; };
		D5505C7413A50F4300F09BF0 /* CaptureView.h */ = {isa = PBXFileReference; fileEncoding = 4; lastKnownFileType = sourcecode.c.h; name = CaptureView.h; path = Views/CaptureView.h; sourceTree = "<group>"; };
		D5505C7513A50F4300F09BF0 /* CaptureView.mm */ = {isa = PBXFileReference; fileEncoding = 4; lastKnownFileType = sourcecode.cpp.objcpp; name = CaptureView.mm; path = Views/CaptureView.mm; sourceTree = "<group>"; };
		D5505C7613A50F4300F09BF0 /* CinemaView.h */ = {isa = PBXFileReference; fileEncoding = 4; lastKnownFileType = sourcecode.c.h; name = CinemaView.h; path = Views/CinemaView.h; sourceTree = "<group>"; };
		D5505C7713A50F4300F09BF0 /* CinemaView.mm */ = {isa = PBXFileReference; fileEncoding = 4; lastKnownFileType = sourcecode.cpp.objcpp; name = CinemaView.mm; path = Views/CinemaView.mm; sourceTree = "<group>"; };
		D5505C7813A50F4300F09BF0 /* EAGLView.h */ = {isa = PBXFileReference; fileEncoding = 4; lastKnownFileType = sourcecode.c.h; name = EAGLView.h; path = Views/EAGLView.h; sourceTree = "<group>"; };
		D5505C7913A50F4300F09BF0 /* EAGLView.mm */ = {isa = PBXFileReference; fileEncoding = 4; lastKnownFileType = sourcecode.cpp.objcpp; name = EAGLView.mm; path = Views/EAGLView.mm; sourceTree = "<group>"; };
		D5505C7A13A50F4300F09BF0 /* InfiniteSlider.h */ = {isa = PBXFileReference; fileEncoding = 4; lastKnownFileType = sourcecode.c.h; name = InfiniteSlider.h; path = Views/InfiniteSlider.h; sourceTree = "<group>"; };
		D5505C7B13A50F4300F09BF0 /* InfiniteSlider.mm */ = {isa = PBXFileReference; fileEncoding = 4; lastKnownFileType = sourcecode.cpp.objcpp; name = InfiniteSlider.mm; path = Views/InfiniteSlider.mm; sourceTree = "<group>"; };
		D5505C7C13A50F4300F09BF0 /* MainView.xib */ = {isa = PBXFileReference; lastKnownFileType = file.xib; name = MainView.xib; path = Views/MainView.xib; sourceTree = "<group>"; };
		D5505C7D13A50F4300F09BF0 /* MainWindow.xib */ = {isa = PBXFileReference; lastKnownFileType = file.xib; name = MainWindow.xib; path = Views/MainWindow.xib; sourceTree = "<group>"; };
		D5505C8413A50F5D00F09BF0 /* black.png */ = {isa = PBXFileReference; lastKnownFileType = image.png; name = black.png; path = Resources/black.png; sourceTree = "<group>"; };
		D5505C8513A50F5D00F09BF0 /* icona.png */ = {isa = PBXFileReference; lastKnownFileType = image.png; name = icona.png; path = Resources/icona.png; sourceTree = "<group>"; };
		D5505C8613A50F5D00F09BF0 /* monkey.geo */ = {isa = PBXFileReference; lastKnownFileType = file; name = monkey.geo; path = Resources/monkey.geo; sourceTree = "<group>"; };
		D58C8E651295628B00E2A017 /* object.h */ = {isa = PBXFileReference; fileEncoding = 4; lastKnownFileType = sourcecode.c.h; path = object.h; sourceTree = "<group>"; };
		D58C8E661295628B00E2A017 /* object.cc */ = {isa = PBXFileReference; fileEncoding = 4; lastKnownFileType = sourcecode.cpp.cpp; path = object.cc; sourceTree = "<group>"; };
		D5C0057A11D65F9B0007CF10 /* OpenGLES.framework */ = {isa = PBXFileReference; lastKnownFileType = wrapper.framework; name = OpenGLES.framework; path = System/Library/Frameworks/OpenGLES.framework; sourceTree = SDKROOT; };
		D5C0058E11D65FCD0007CF10 /* QuartzCore.framework */ = {isa = PBXFileReference; lastKnownFileType = wrapper.framework; name = QuartzCore.framework; path = System/Library/Frameworks/QuartzCore.framework; sourceTree = SDKROOT; };
/* End PBXFileReference section */

/* Begin PBXFrameworksBuildPhase section */
		1D60588F0D05DD3D006BFB54 /* Frameworks */ = {
			isa = PBXFrameworksBuildPhase;
			buildActionMask = 2147483647;
			files = (
				1D60589F0D05DD5A006BFB54 /* Foundation.framework in Frameworks */,
				1DF5F4E00D08C38300B7A737 /* UIKit.framework in Frameworks */,
				288765A50DF7441C002DB57D /* CoreGraphics.framework in Frameworks */,
				D5C0057B11D65F9B0007CF10 /* OpenGLES.framework in Frameworks */,
				D5C0058F11D65FCD0007CF10 /* QuartzCore.framework in Frameworks */,
			);
			runOnlyForDeploymentPostprocessing = 0;
		};
/* End PBXFrameworksBuildPhase section */

/* Begin PBXGroup section */
		19C28FACFE9D520D11CA2CBB /* Products */ = {
			isa = PBXGroup;
			children = (
				1D6058910D05DD3D006BFB54 /* StereoPlanner.app */,
			);
			name = Products;
			sourceTree = "<group>";
		};
		29B97314FDCFA39411CA2CEA /* CustomTemplate */ = {
			isa = PBXGroup;
			children = (
				D53A025B11DB7F550087316D /* core */,
				D5505C6D13A50EB700F09BF0 /* Views */,
				D5505C4B13A4FEE400F09BF0 /* Controllers */,
				D5505C8A13A50F7F00F09BF0 /* Utils */,
				29B97315FDCFA39411CA2CEA /* Other Sources */,
				29B97317FDCFA39411CA2CEA /* Resources */,
				29B97323FDCFA39411CA2CEA /* Frameworks */,
				19C28FACFE9D520D11CA2CBB /* Products */,
			);
			name = CustomTemplate;
			sourceTree = "<group>";
		};
		29B97315FDCFA39411CA2CEA /* Other Sources */ = {
			isa = PBXGroup;
			children = (
				32CA4F630368D1EE00C91783 /* StereoPlanner_Prefix.pch */,
				29B97316FDCFA39411CA2CEA /* main.m */,
			);
			name = "Other Sources";
			sourceTree = "<group>";
		};
		29B97317FDCFA39411CA2CEA /* Resources */ = {
			isa = PBXGroup;
			children = (
				D5505C8413A50F5D00F09BF0 /* black.png */,
				D5505C8513A50F5D00F09BF0 /* icona.png */,
				D5505C8613A50F5D00F09BF0 /* monkey.geo */,
				8D1107310486CEB800E47090 /* StereoPlanner-Info.plist */,
			);
			name = Resources;
			sourceTree = "<group>";
		};
		29B97323FDCFA39411CA2CEA /* Frameworks */ = {
			isa = PBXGroup;
			children = (
				D5C0058E11D65FCD0007CF10 /* QuartzCore.framework */,
				D5C0057A11D65F9B0007CF10 /* OpenGLES.framework */,
				1DF5F4DF0D08C38300B7A737 /* UIKit.framework */,
				1D30AB110D05D00D00671497 /* Foundation.framework */,
				288765A40DF7441C002DB57D /* CoreGraphics.framework */,
			);
			name = Frameworks;
			sourceTree = "<group>";
		};
		D53A025B11DB7F550087316D /* core */ = {
			isa = PBXGroup;
			children = (
				D53A03FA11E4830E0087316D /* trackball.cc */,
				D53A03FB11E4830E0087316D /* trackball.h */,
				D53A025C11DB7F550087316D /* camera.h */,
				D53A025D11DB7F550087316D /* document.cc */,
				D53A025E11DB7F550087316D /* document.h */,
				D53A025F11DB7F550087316D /* geometry.cc */,
				D53A026011DB7F550087316D /* geometry.h */,
				D5118E52128213FB0021E6AB /* stereo_frustum.h */,
				D5118E53128213FB0021E6AB /* stereo_frustum.cc */,
				D58C8E651295628B00E2A017 /* object.h */,
				D58C8E661295628B00E2A017 /* object.cc */,
			);
			name = core;
			path = ../core;
			sourceTree = SOURCE_ROOT;
		};
		D5505C4B13A4FEE400F09BF0 /* Controllers */ = {
			isa = PBXGroup;
			children = (
				D5505C4D13A4FEFC00F09BF0 /* CalculatorViewController.h */,
				D5505C4E13A4FEFC00F09BF0 /* CalculatorViewController.mm */,
				D5505C5213A4FEFC00F09BF0 /* CaptureViewController.h */,
				D5505C5313A4FEFC00F09BF0 /* CaptureViewController.mm */,
				D5505C5613A4FEFC00F09BF0 /* CinemaViewController.h */,
				D5505C5713A4FEFC00F09BF0 /* CinemaViewController.mm */,
				D5505C5C13A4FEFC00F09BF0 /* MainViewController.h */,
				D5505C5D13A4FEFC00F09BF0 /* MainViewController.mm */,
				D5505C5E13A4FEFC00F09BF0 /* SettingsViewController.h */,
				D5505C5F13A4FEFC00F09BF0 /* SettingsViewController.mm */,
				D51CD5B413BE6FC3000717AA /* SensorSizeViewController.h */,
				D51CD5B513BE6FC3000717AA /* SensorSizeViewController.mm */,
				D5505C6013A4FEFC00F09BF0 /* StereoPlannerAppDelegate.h */,
				D5505C6113A4FEFC00F09BF0 /* StereoPlannerAppDelegate.mm */,
			);
			name = Controllers;
			sourceTree = "<group>";
		};
		D5505C6D13A50EB700F09BF0 /* Views */ = {
			isa = PBXGroup;
			children = (
				D5505C4F13A4FEFC00F09BF0 /* CalculatorView.xib */,
				D5505C7413A50F4300F09BF0 /* CaptureView.h */,
				D5505C7513A50F4300F09BF0 /* CaptureView.mm */,
				D5505C7613A50F4300F09BF0 /* CinemaView.h */,
				D5505C7713A50F4300F09BF0 /* CinemaView.mm */,
				D5505C7813A50F4300F09BF0 /* EAGLView.h */,
				D5505C7913A50F4300F09BF0 /* EAGLView.mm */,
				D5505C7A13A50F4300F09BF0 /* InfiniteSlider.h */,
				D5505C7B13A50F4300F09BF0 /* InfiniteSlider.mm */,
				D5505C7C13A50F4300F09BF0 /* MainView.xib */,
				D5505C7D13A50F4300F09BF0 /* MainWindow.xib */,
			);
			name = Views;
			sourceTree = "<group>";
		};
		D5505C8A13A50F7F00F09BF0 /* Utils */ = {
			isa = PBXGroup;
			children = (
				D53B09B4126909D900DF4180 /* utils.h */,
				D53B09B5126909D900DF4180 /* utils.mm */,
			);
			name = Utils;
			sourceTree = "<group>";
		};
/* End PBXGroup section */

/* Begin PBXNativeTarget section */
		1D6058900D05DD3D006BFB54 /* StereoPlanner */ = {
			isa = PBXNativeTarget;
			buildConfigurationList = 1D6058960D05DD3E006BFB54 /* Build configuration list for PBXNativeTarget "StereoPlanner" */;
			buildPhases = (
				1D60588D0D05DD3D006BFB54 /* Resources */,
				1D60588E0D05DD3D006BFB54 /* Sources */,
				1D60588F0D05DD3D006BFB54 /* Frameworks */,
			);
			buildRules = (
			);
			dependencies = (
			);
			name = StereoPlanner;
			productName = StereoPlanner;
			productReference = 1D6058910D05DD3D006BFB54 /* StereoPlanner.app */;
			productType = "com.apple.product-type.application";
		};
/* End PBXNativeTarget section */

/* Begin PBXProject section */
		29B97313FDCFA39411CA2CEA /* Project object */ = {
			isa = PBXProject;
			buildConfigurationList = C01FCF4E08A954540054247B /* Build configuration list for PBXProject "StereoPlanner" */;
			compatibilityVersion = "Xcode 3.1";
			developmentRegion = English;
			hasScannedForEncodings = 1;
			knownRegions = (
				English,
				Japanese,
				French,
				German,
			);
			mainGroup = 29B97314FDCFA39411CA2CEA /* CustomTemplate */;
			projectDirPath = "";
			projectRoot = "";
			targets = (
				1D6058900D05DD3D006BFB54 /* StereoPlanner */,
			);
		};
/* End PBXProject section */

/* Begin PBXResourcesBuildPhase section */
		1D60588D0D05DD3D006BFB54 /* Resources */ = {
			isa = PBXResourcesBuildPhase;
			buildActionMask = 2147483647;
			files = (
				D5505C6313A4FEFC00F09BF0 /* CalculatorView.xib in Resources */,
				D5505C8213A50F4300F09BF0 /* MainView.xib in Resources */,
				D5505C8313A50F4300F09BF0 /* MainWindow.xib in Resources */,
				D5505C8713A50F5D00F09BF0 /* black.png in Resources */,
				D5505C8813A50F5D00F09BF0 /* icona.png in Resources */,
				D5505C8913A50F5D00F09BF0 /* monkey.geo in Resources */,
			);
			runOnlyForDeploymentPostprocessing = 0;
		};
/* End PBXResourcesBuildPhase section */

/* Begin PBXSourcesBuildPhase section */
		1D60588E0D05DD3D006BFB54 /* Sources */ = {
			isa = PBXSourcesBuildPhase;
			buildActionMask = 2147483647;
			files = (
				1D60589B0D05DD56006BFB54 /* main.m in Sources */,
				D53A026111DB7F550087316D /* document.cc in Sources */,
				D53A026211DB7F550087316D /* geometry.cc in Sources */,
				D53A03FC11E4830E0087316D /* trackball.cc in Sources */,
				D53B09B6126909D900DF4180 /* utils.mm in Sources */,
				D5118E54128213FB0021E6AB /* stereo_frustum.cc in Sources */,
				D58C8E671295628B00E2A017 /* object.cc in Sources */,
				D5505C6213A4FEFC00F09BF0 /* CalculatorViewController.mm in Sources */,
				D5505C6513A4FEFC00F09BF0 /* CaptureViewController.mm in Sources */,
				D5505C6713A4FEFC00F09BF0 /* CinemaViewController.mm in Sources */,
				D5505C6A13A4FEFC00F09BF0 /* MainViewController.mm in Sources */,
				D5505C6B13A4FEFC00F09BF0 /* SettingsViewController.mm in Sources */,
				D5505C6C13A4FEFC00F09BF0 /* StereoPlannerAppDelegate.mm in Sources */,
				D5505C7E13A50F4300F09BF0 /* CaptureView.mm in Sources */,
				D5505C7F13A50F4300F09BF0 /* CinemaView.mm in Sources */,
				D5505C8013A50F4300F09BF0 /* EAGLView.mm in Sources */,
				D5505C8113A50F4300F09BF0 /* InfiniteSlider.mm in Sources */,
				D51CD5B613BE6FC3000717AA /* SensorSizeViewController.mm in Sources */,
			);
			runOnlyForDeploymentPostprocessing = 0;
		};
/* End PBXSourcesBuildPhase section */

/* Begin XCBuildConfiguration section */
		1D6058940D05DD3E006BFB54 /* Debug */ = {
			isa = XCBuildConfiguration;
			buildSettings = {
				ALWAYS_SEARCH_USER_PATHS = NO;
				COPY_PHASE_STRIP = NO;
				GCC_DYNAMIC_NO_PIC = NO;
				GCC_OPTIMIZATION_LEVEL = 0;
				GCC_PRECOMPILE_PREFIX_HEADER = YES;
				GCC_PREFIX_HEADER = StereoPlanner_Prefix.pch;
				INFOPLIST_FILE = "StereoPlanner-Info.plist";
				PRODUCT_NAME = StereoPlanner;
			};
			name = Debug;
		};
		1D6058950D05DD3E006BFB54 /* Release */ = {
			isa = XCBuildConfiguration;
			buildSettings = {
				ALWAYS_SEARCH_USER_PATHS = NO;
				COPY_PHASE_STRIP = YES;
				GCC_PRECOMPILE_PREFIX_HEADER = YES;
				GCC_PREFIX_HEADER = StereoPlanner_Prefix.pch;
				INFOPLIST_FILE = "StereoPlanner-Info.plist";
				PRODUCT_NAME = StereoPlanner;
				VALIDATE_PRODUCT = YES;
			};
			name = Release;
		};
		C01FCF4F08A954540054247B /* Debug */ = {
			isa = XCBuildConfiguration;
			buildSettings = {
				ARCHS = "$(ARCHS_STANDARD_32_BIT)";
				"CODE_SIGN_IDENTITY[sdk=iphoneos*]" = "iPhone Developer";
				GCC_C_LANGUAGE_STANDARD = c99;
				GCC_WARN_ABOUT_RETURN_TYPE = YES;
				GCC_WARN_UNUSED_VARIABLE = YES;
				IPHONEOS_DEPLOYMENT_TARGET = 3.1;
				PREBINDING = NO;
				SDKROOT = iphoneos4.1;
				SYMROOT = "~/scratch/stereoplaner_build";
			};
			name = Debug;
		};
		C01FCF5008A954540054247B /* Release */ = {
			isa = XCBuildConfiguration;
			buildSettings = {
				ARCHS = "$(ARCHS_STANDARD_32_BIT)";
				"CODE_SIGN_IDENTITY[sdk=iphoneos*]" = "iPhone Developer";
				GCC_C_LANGUAGE_STANDARD = c99;
				GCC_WARN_ABOUT_RETURN_TYPE = YES;
				GCC_WARN_UNUSED_VARIABLE = YES;
				IPHONEOS_DEPLOYMENT_TARGET = 3.1;
				OTHER_CFLAGS = "-DNS_BLOCK_ASSERTIONS=1";
				PREBINDING = NO;
				SDKROOT = iphoneos4.1;
				SYMROOT = "~/scratch/stereoplaner_build";
			};
			name = Release;
		};
/* End XCBuildConfiguration section */

/* Begin XCConfigurationList section */
		1D6058960D05DD3E006BFB54 /* Build configuration list for PBXNativeTarget "StereoPlanner" */ = {
			isa = XCConfigurationList;
			buildConfigurations = (
				1D6058940D05DD3E006BFB54 /* Debug */,
				1D6058950D05DD3E006BFB54 /* Release */,
			);
			defaultConfigurationIsVisible = 0;
			defaultConfigurationName = Release;
		};
		C01FCF4E08A954540054247B /* Build configuration list for PBXProject "StereoPlanner" */ = {
			isa = XCConfigurationList;
			buildConfigurations = (
				C01FCF4F08A954540054247B /* Debug */,
				C01FCF5008A954540054247B /* Release */,
			);
			defaultConfigurationIsVisible = 0;
			defaultConfigurationName = Release;
		};
/* End XCConfigurationList section */
	};
	rootObject = 29B97313FDCFA39411CA2CEA /* Project object */;
}
